<?xml version="1.0" encoding="utf-8"?>
<Project ToolsVersion="4.0" xmlns="http://schemas.microsoft.com/developer/msbuild/2003">
  <ItemGroup>
    <Filter Include="LE">
      <UniqueIdentifier>{56745900-4200-880B-ABAE-880B9759880B}</UniqueIdentifier>
    </Filter>
    <Filter Include="LE\Events">
      <UniqueIdentifier>{7A234200-E68D-F676-2FCC-A71C9B75D4CB}</UniqueIdentifier>
    </Filter>
    <Filter Include="LE\ImGui">
      <UniqueIdentifier>{0052B9D1-EC1E-14DD-1538-02850164496B}</UniqueIdentifier>
    </Filter>
    <Filter Include="Platform">
      <UniqueIdentifier>{2AC788B4-1694-E3BF-3FAD-D1672BD9184E}</UniqueIdentifier>
    </Filter>
    <Filter Include="Platform\OpenGL">
      <UniqueIdentifier>{1E7D2C1D-8A08-9AE1-9319-1DD6FF23F6E1}</UniqueIdentifier>
    </Filter>
    <Filter Include="Platform\Windows">
      <UniqueIdentifier>{64FBD71A-50F4-F66C-7926-DCF1657ED678}</UniqueIdentifier>
    </Filter>
  </ItemGroup>
  <ItemGroup>
    <ClInclude Include="Source\LE\Application.h">
      <Filter>LE</Filter>
    </ClInclude>
    <ClInclude Include="Source\LE\Core.h">
      <Filter>LE</Filter>
    </ClInclude>
    <ClInclude Include="Source\LE\EntryPoint.h">
      <Filter>LE</Filter>
    </ClInclude>
    <ClInclude Include="Source\LE\Events\ApplicationEvent.h">
      <Filter>LE\Events</Filter>
    </ClInclude>
    <ClInclude Include="Source\LE\Events\Event.h">
      <Filter>LE\Events</Filter>
    </ClInclude>
    <ClInclude Include="Source\LE\Events\KeyEvent.h">
      <Filter>LE\Events</Filter>
    </ClInclude>
    <ClInclude Include="Source\LE\Events\MouseEvent.h">
      <Filter>LE\Events</Filter>
    </ClInclude>
    <ClInclude Include="Source\LE\ImGui\ImGuiLayer.h">
      <Filter>LE\ImGui</Filter>
    </ClInclude>
    <ClInclude Include="Source\LE\Input.h">
      <Filter>LE</Filter>
    </ClInclude>
    <ClInclude Include="Source\LE\Layer.h">
      <Filter>LE</Filter>
    </ClInclude>
    <ClInclude Include="Source\LE\LayerStack.h">
      <Filter>LE</Filter>
    </ClInclude>
    <ClInclude Include="Source\LE\Log.h">
      <Filter>LE</Filter>
    </ClInclude>
    <ClInclude Include="Source\LE\Window.h">
      <Filter>LE</Filter>
    </ClInclude>
    <ClInclude Include="Source\LEpch.h" />
    <ClInclude Include="Source\LearningEngine.h" />
    <ClInclude Include="Source\Platform\OpenGL\ImGuiOpenGLRenderer.h">
      <Filter>Platform\OpenGL</Filter>
    </ClInclude>
    <ClInclude Include="Source\Platform\Windows\WindowsWindow.h">
      <Filter>Platform\Windows</Filter>
    </ClInclude>
    <ClInclude Include="Source\Platform\Windows\WindowsInput.h" />
    <ClInclude Include="Source\LE\KeyCodes.h" />
    <ClInclude Include="Source\LE\MouseButtonCodes.h" />
  </ItemGroup>
  <ItemGroup>
    <ClCompile Include="Source\LE\Application.cpp">
      <Filter>LE</Filter>
    </ClCompile>
    <ClCompile Include="Source\LE\ImGui\ImGuiLayer.cpp">
      <Filter>LE\ImGui</Filter>
    </ClCompile>
    <ClCompile Include="Source\LE\Layer.cpp">
      <Filter>LE</Filter>
    </ClCompile>
    <ClCompile Include="Source\LE\LayerStack.cpp">
      <Filter>LE</Filter>
    </ClCompile>
    <ClCompile Include="Source\LE\Log.cpp">
      <Filter>LE</Filter>
    </ClCompile>
    <ClCompile Include="Source\LEpch.cpp" />
    <ClCompile Include="Source\Platform\OpenGL\ImGuiOpenGLRenderer.cpp">
      <Filter>Platform\OpenGL</Filter>
    </ClCompile>
    <ClCompile Include="Source\Platform\Windows\WindowsWindow.cpp">
      <Filter>Platform\Windows</Filter>
    </ClCompile>
    <ClCompile Include="Source\Platform\Windows\WindowsInput.cpp" />
  </ItemGroup>
</Project>